
Microsoft Visual Studio Solution File, Format Version 12.00
# Visual Studio 2012
Project("{8BC9CEB8-8B4A-11D0-8D11-00A0C91BC942}") = "WfOpt", "WfOpt.vcxproj", "{4C97B5D2-0577-4C49-A4B4-F89EA0743E38}"
EndProject
Project("{8BC9CEB8-8B4A-11D0-8D11-00A0C91BC942}") = "WFSched", "WFSched\WFSched.vcxproj", "{C4B932DF-52E4-447D-9E40-2DC9CD2526B4}"
EndProject
Global
	GlobalSection(SolutionConfigurationPlatforms) = preSolution
		Debug|Win32 = Debug|Win32
		Release|Win32 = Release|Win32
	EndGlobalSection
	GlobalSection(ProjectConfigurationPlatforms) = postSolution
		{4C97B5D2-0577-4C49-A4B4-F89EA0743E38}.Debug|Win32.ActiveCfg = Debug|Win32
		{4C97B5D2-0577-4C49-A4B4-F89EA0743E38}.Debug|Win32.Build.0 = Debug|Win32
		{4C97B5D2-0577-4C49-A4B4-F89EA0743E38}.Release|Win32.ActiveCfg = Release|Win32
		{4C97B5D2-0577-4C49-A4B4-F89EA0743E38}.Release|Win32.Build.0 = Release|Win32
		{C4B932DF-52E4-447D-9E40-2DC9CD2526B4}.Debug|Win32.ActiveCfg = Debug|Win32
		{C4B932DF-52E4-447D-9E40-2DC9CD2526B4}.Debug|Win32.Build.0 = Debug|Win32
		{C4B932DF-52E4-447D-9E40-2DC9CD2526B4}.Release|Win32.ActiveCfg = Release|Win32
		{C4B932DF-52E4-447D-9E40-2DC9CD2526B4}.Release|Win32.Build.0 = Release|Win32
	EndGlobalSection
	GlobalSection(SolutionProperties) = preSolution
		HideSolutionNode = FALSE
	EndGlobalSection
	GlobalSection(Performance) = preSolution
		HasPerformanceSessions = true
	EndGlobalSection
EndGlobal
